{
  "nodes": {
    "nixpkgs": {
      "locked": {
        "lastModified": 1779927054,
        "narHash": "sha256-oGvs04cqKI3eVRUBcCsNMRUs2OEJ+ZRkNl5EPDRBYo8=",
        "owner": "NixOS",
        "repo": "nixpkgs",
        "rev": "8be06063cd975f8194b8e69e9aa33b137547ba44",
        "type": "github"
      },
      "original": {
        "owner": "NixOS",
        "repo": "nixpkgs",
        "type": "github"
      }
    },
    "root": {
      "inputs": {
        "nixpkgs": "nixpkgs"
      }
    }
  },
  "root": "root",
  "version": 7
}
